
Microsoft Visual Studio Solution File, Format Version 12.00
# Visual Studio Version 16
VisualStudioVersion = 16.0.31605.320
MinimumVisualStudioVersion = 10.0.40219.1
Project("{FAE04EC0-301F-11D3-BF4B-00C04F79EFBC}") = "WpfApp4", "WpfApp4\WpfApp4.csproj", "{A0D1BEFD-8FD3-473E-9F4D-9B5B1AD38989}"
EndProject
Global
	GlobalSection(SolutionConfigurationPlatforms) = preSolution
		Debug|Any CPU = Debug|Any CPU
		Release|Any CPU = Release|Any CPU
	EndGlobalSection
	GlobalSection(ProjectConfigurationPlatforms) = postSolution
		{A0D1BEFD-8FD3-473E-9F4D-9B5B1AD38989}.Debug|Any CPU.ActiveCfg = Debug|Any CPU
		{A0D1BEFD-8FD3-473E-9F4D-9B5B1AD38989}.Debug|Any CPU.Build.0 = Debug|Any CPU
		{A0D1BEFD-8FD3-473E-9F4D-9B5B1AD38989}.Release|Any CPU.ActiveCfg = Release|Any CPU
		{A0D1BEFD-8FD3-473E-9F4D-9B5B1AD38989}.Release|Any CPU.Build.0 = Release|Any CPU
	EndGlobalSection
	GlobalSection(SolutionProperties) = preSolution
		HideSolutionNode = FALSE
	EndGlobalSection
	GlobalSection(ExtensibilityGlobals) = postSolution
		SolutionGuid = {A4F5D358-C1E6-4625-9CEF-1F0D387786DC}
	EndGlobalSection
EndGlobal
